
Microsoft Visual Studio Solution File, Format Version 12.00
# Visual Studio 15
VisualStudioVersion = 15.0.28307.489
MinimumVisualStudioVersion = 10.0.40219.1
Project("{FAE04EC0-301F-11D3-BF4B-00C04F79EFBC}") = "ThucTapNhom_XH", "ThucTapNhom_XH\ThucTapNhom_XH.csproj", "{7E38105B-7FD9-45B3-8764-C9014244195C}"
EndProject
Global
	GlobalSection(SolutionConfigurationPlatforms) = preSolution
		Debug|Any CPU = Debug|Any CPU
		Release|Any CPU = Release|Any CPU
	EndGlobalSection
	GlobalSection(ProjectConfigurationPlatforms) = postSolution
		{7E38105B-7FD9-45B3-8764-C9014244195C}.Debug|Any CPU.ActiveCfg = Debug|Any CPU
		{7E38105B-7FD9-45B3-8764-C9014244195C}.Debug|Any CPU.Build.0 = Debug|Any CPU
		{7E38105B-7FD9-45B3-8764-C9014244195C}.Release|Any CPU.ActiveCfg = Release|Any CPU
		{7E38105B-7FD9-45B3-8764-C9014244195C}.Release|Any CPU.Build.0 = Release|Any CPU
	EndGlobalSection
	GlobalSection(SolutionProperties) = preSolution
		HideSolutionNode = FALSE
	EndGlobalSection
	GlobalSection(ExtensibilityGlobals) = postSolution
		SolutionGuid = {56EB88CE-2A7D-4729-88B3-FE33A62EA46F}
	EndGlobalSection
EndGlobal
